
Microsoft Visual Studio Solution File, Format Version 12.00
# Visual Studio Version 17
VisualStudioVersion = 17.0.32112.339
MinimumVisualStudioVersion = 10.0.40219.1
Project("{9A19103F-16F7-4668-BE54-9A1E7A4F7556}") = "TcpServer", "TcpServer\TcpServer.csproj", "{CF99BA82-C230-4432-ACD2-CEDA856661CC}"
EndProject
Project("{9A19103F-16F7-4668-BE54-9A1E7A4F7556}") = "TcpClient", "TcpClient\TcpClient.csproj", "{E93631AC-1BC5-48E7-B932-E688242B18FC}"
EndProject
Project("{2150E333-8FDC-42A3-9474-1A3956D46DE8}") = "Solution Items", "Solution Items", "{B4E1E379-C70C-4CFE-A579-814C3DA05E1A}"
EndProject
Project("{FAE04EC0-301F-11D3-BF4B-00C04F79EFBC}") = "Test", "Test\Test.csproj", "{5AB955FF-8244-46EF-B144-BF854C3F1CDA}"
EndProject
Global
	GlobalSection(SolutionConfigurationPlatforms) = preSolution
		Debug|Any CPU = Debug|Any CPU
		Release|Any CPU = Release|Any CPU
	EndGlobalSection
	GlobalSection(ProjectConfigurationPlatforms) = postSolution
		{CF99BA82-C230-4432-ACD2-CEDA856661CC}.Debug|Any CPU.ActiveCfg = Debug|Any CPU
		{CF99BA82-C230-4432-ACD2-CEDA856661CC}.Debug|Any CPU.Build.0 = Debug|Any CPU
		{CF99BA82-C230-4432-ACD2-CEDA856661CC}.Release|Any CPU.ActiveCfg = Release|Any CPU
		{CF99BA82-C230-4432-ACD2-CEDA856661CC}.Release|Any CPU.Build.0 = Release|Any CPU
		{E93631AC-1BC5-48E7-B932-E688242B18FC}.Debug|Any CPU.ActiveCfg = Debug|Any CPU
		{E93631AC-1BC5-48E7-B932-E688242B18FC}.Debug|Any CPU.Build.0 = Debug|Any CPU
		{E93631AC-1BC5-48E7-B932-E688242B18FC}.Release|Any CPU.ActiveCfg = Release|Any CPU
		{E93631AC-1BC5-48E7-B932-E688242B18FC}.Release|Any CPU.Build.0 = Release|Any CPU
		{5AB955FF-8244-46EF-B144-BF854C3F1CDA}.Debug|Any CPU.ActiveCfg = Debug|Any CPU
		{5AB955FF-8244-46EF-B144-BF854C3F1CDA}.Debug|Any CPU.Build.0 = Debug|Any CPU
		{5AB955FF-8244-46EF-B144-BF854C3F1CDA}.Release|Any CPU.ActiveCfg = Release|Any CPU
		{5AB955FF-8244-46EF-B144-BF854C3F1CDA}.Release|Any CPU.Build.0 = Release|Any CPU
	EndGlobalSection
	GlobalSection(SolutionProperties) = preSolution
		HideSolutionNode = FALSE
	EndGlobalSection
	GlobalSection(ExtensibilityGlobals) = postSolution
		SolutionGuid = {F2F81DCD-D829-4F27-AACD-0440CC712D2C}
	EndGlobalSection
EndGlobal
